// !$*UTF8*$!
{
	archiveVersion = 1;
	classes = {
	};
	objectVersion = 50;
	objects = {

/* Begin PBXBuildFile section */
		D1ABF2EC24AD6B5D00CDBEA5 /* AppDelegate.swift in Sources */ = {isa = PBXBuildFile; fileRef = D1ABF2EB24AD6B5D00CDBEA5 /* AppDelegate.swift */; };
		D1ABF2EE24AD6B5D00CDBEA5 /* SceneDelegate.swift in Sources */ = {isa = PBXBuildFile; fileRef = D1ABF2ED24AD6B5D00CDBEA5 /* SceneDelegate.swift */; };
		D1ABF2F524AD6B6100CDBEA5 /* Assets.xcassets in Resources */ = {isa = PBXBuildFile; fileRef = D1ABF2F424AD6B6100CDBEA5 /* Assets.xcassets */; };
		D1ABF2F824AD6B6100CDBEA5 /* LaunchScreen.storyboard in Resources */ = {isa = PBXBuildFile; fileRef = D1ABF2F624AD6B6100CDBEA5 /* LaunchScreen.storyboard */; };
		D1ABF30424AD6BD100CDBEA5 /* Main.storyboard in Resources */ = {isa = PBXBuildFile; fileRef = D1ABF30324AD6BD100CDBEA5 /* Main.storyboard */; };
		D1ABF30624AD6BEF00CDBEA5 /* therapistsData.json in Resources */ = {isa = PBXBuildFile; fileRef = D1ABF30524AD6BEF00CDBEA5 /* therapistsData.json */; };
		D1ABF30824AD6C2800CDBEA5 /* GapsViewController.swift in Sources */ = {isa = PBXBuildFile; fileRef = D1ABF30724AD6C2800CDBEA5 /* GapsViewController.swift */; };
		D1ABF30A24AD6C2D00CDBEA5 /* OnDutyViewController.swift in Sources */ = {isa = PBXBuildFile; fileRef = D1ABF30924AD6C2D00CDBEA5 /* OnDutyViewController.swift */; };
		D1ABF30C24AD6C3300CDBEA5 /* StartingSoonViewController.swift in Sources */ = {isa = PBXBuildFile; fileRef = D1ABF30B24AD6C3300CDBEA5 /* StartingSoonViewController.swift */; };
		D1ABF30F24AD6CB900CDBEA5 /* TherapistsDataManager.swift in Sources */ = {isa = PBXBuildFile; fileRef = D1ABF30E24AD6CB900CDBEA5 /* TherapistsDataManager.swift */; };
		D1ABF31124AD6CC500CDBEA5 /* Therapist.swift in Sources */ = {isa = PBXBuildFile; fileRef = D1ABF31024AD6CC500CDBEA5 /* Therapist.swift */; };
		D1ABF31324AD6CCA00CDBEA5 /* ShiftInfo.swift in Sources */ = {isa = PBXBuildFile; fileRef = D1ABF31224AD6CCA00CDBEA5 /* ShiftInfo.swift */; };
		D1ABF31524AD6CCF00CDBEA5 /* EmptyTimeSlot.swift in Sources */ = {isa = PBXBuildFile; fileRef = D1ABF31424AD6CCF00CDBEA5 /* EmptyTimeSlot.swift */; };
		D1ABF31824AD6D1800CDBEA5 /* GapInfoCell.swift in Sources */ = {isa = PBXBuildFile; fileRef = D1ABF31724AD6D1800CDBEA5 /* GapInfoCell.swift */; };
		D1ABF31A24AD6D1E00CDBEA5 /* OnDutyInfoCell.swift in Sources */ = {isa = PBXBuildFile; fileRef = D1ABF31924AD6D1E00CDBEA5 /* OnDutyInfoCell.swift */; };
		D1ABF31C24AD6D2300CDBEA5 /* StartingSoonInfoCell.swift in Sources */ = {isa = PBXBuildFile; fileRef = D1ABF31B24AD6D2300CDBEA5 /* StartingSoonInfoCell.swift */; };
/* End PBXBuildFile section */

/* Begin PBXFileReference section */
		D1ABF2E824AD6B5D00CDBEA5 /* TherapistRosterApp.app */ = {isa = PBXFileReference; explicitFileType = wrapper.application; includeInIndex = 0; path = TherapistRosterApp.app; sourceTree = BUILT_PRODUCTS_DIR; };
		D1ABF2EB24AD6B5D00CDBEA5 /* AppDelegate.swift */ = {isa = PBXFileReference; lastKnownFileType = sourcecode.swift; path = AppDelegate.swift; sourceTree = "<group>"; };
		D1ABF2ED24AD6B5D00CDBEA5 /* SceneDelegate.swift */ = {isa = PBXFileReference; lastKnownFileType = sourcecode.swift; path = SceneDelegate.swift; sourceTree = "<group>"; };
		D1ABF2F424AD6B6100CDBEA5 /* Assets.xcassets */ = {isa = PBXFileReference; lastKnownFileType = folder.assetcatalog; path = Assets.xcassets; sourceTree = "<group>"; };
		D1ABF2F724AD6B6100CDBEA5 /* Base */ = {isa = PBXFileReference; lastKnownFileType = file.storyboard; name = Base; path = Base.lproj/LaunchScreen.storyboard; sourceTree = "<group>"; };
		D1ABF2F924AD6B6100CDBEA5 /* Info.plist */ = {isa = PBXFileReference; lastKnownFileType = text.plist.xml; path = Info.plist; sourceTree = "<group>"; };
		D1ABF30324AD6BD100CDBEA5 /* Main.storyboard */ = {isa = PBXFileReference; fileEncoding = 4; lastKnownFileType = file.storyboard; path = Main.storyboard; sourceTree = "<group>"; };
		D1ABF30524AD6BEF00CDBEA5 /* therapistsData.json */ = {isa = PBXFileReference; fileEncoding = 4; lastKnownFileType = text.json; path = therapistsData.json; sourceTree = "<group>"; };
		D1ABF30724AD6C2800CDBEA5 /* GapsViewController.swift */ = {isa = PBXFileReference; fileEncoding = 4; lastKnownFileType = sourcecode.swift; path = GapsViewController.swift; sourceTree = "<group>"; };
		D1ABF30924AD6C2D00CDBEA5 /* OnDutyViewController.swift */ = {isa = PBXFileReference; fileEncoding = 4; lastKnownFileType = sourcecode.swift; path = OnDutyViewController.swift; sourceTree = "<group>"; };
		D1ABF30B24AD6C3300CDBEA5 /* StartingSoonViewController.swift */ = {isa = PBXFileReference; fileEncoding = 4; lastKnownFileType = sourcecode.swift; path = StartingSoonViewController.swift; sourceTree = "<group>"; };
		D1ABF30E24AD6CB900CDBEA5 /* TherapistsDataManager.swift */ = {isa = PBXFileReference; fileEncoding = 4; lastKnownFileType = sourcecode.swift; path = TherapistsDataManager.swift; sourceTree = "<group>"; };
		D1ABF31024AD6CC500CDBEA5 /* Therapist.swift */ = {isa = PBXFileReference; fileEncoding = 4; lastKnownFileType = sourcecode.swift; path = Therapist.swift; sourceTree = "<group>"; };
		D1ABF31224AD6CCA00CDBEA5 /* ShiftInfo.swift */ = {isa = PBXFileReference; fileEncoding = 4; lastKnownFileType = sourcecode.swift; path = ShiftInfo.swift; sourceTree = "<group>"; };
		D1ABF31424AD6CCF00CDBEA5 /* EmptyTimeSlot.swift */ = {isa = PBXFileReference; fileEncoding = 4; lastKnownFileType = sourcecode.swift; path = EmptyTimeSlot.swift; sourceTree = "<group>"; };
		D1ABF31724AD6D1800CDBEA5 /* GapInfoCell.swift */ = {isa = PBXFileReference; fileEncoding = 4; lastKnownFileType = sourcecode.swift; path = GapInfoCell.swift; sourceTree = "<group>"; };
		D1ABF31924AD6D1E00CDBEA5 /* OnDutyInfoCell.swift */ = {isa = PBXFileReference; fileEncoding = 4; lastKnownFileType = sourcecode.swift; path = OnDutyInfoCell.swift; sourceTree = "<group>"; };
		D1ABF31B24AD6D2300CDBEA5 /* StartingSoonInfoCell.swift */ = {isa = PBXFileReference; fileEncoding = 4; lastKnownFileType = sourcecode.swift; path = StartingSoonInfoCell.swift; sourceTree = "<group>"; };
/* End PBXFileReference section */

/* Begin PBXFrameworksBuildPhase section */
		D1ABF2E524AD6B5D00CDBEA5 /* Frameworks */ = {
			isa = PBXFrameworksBuildPhase;
			buildActionMask = 2147483647;
			files = (
			);
			runOnlyForDeploymentPostprocessing = 0;
		};
/* End PBXFrameworksBuildPhase section */

/* Begin PBXGroup section */
		D1ABF2DF24AD6B5D00CDBEA5 = {
			isa = PBXGroup;
			children = (
				D1ABF2EA24AD6B5D00CDBEA5 /* TherapistRosterApp */,
				D1ABF2E924AD6B5D00CDBEA5 /* Products */,
			);
			sourceTree = "<group>";
		};
		D1ABF2E924AD6B5D00CDBEA5 /* Products */ = {
			isa = PBXGroup;
			children = (
				D1ABF2E824AD6B5D00CDBEA5 /* TherapistRosterApp.app */,
			);
			name = Products;
			sourceTree = "<group>";
		};
		D1ABF2EA24AD6B5D00CDBEA5 /* TherapistRosterApp */ = {
			isa = PBXGroup;
			children = (
				D1ABF2FF24AD6B8100CDBEA5 /* Delegates */,
				D1ABF31D24AD7BAB00CDBEA5 /* Managers */,
				D1ABF30D24AD6CA500CDBEA5 /* Models */,
				D1ABF30224AD6BB500CDBEA5 /* Resources */,
				D1ABF30124AD6BA700CDBEA5 /* Storyboards */,
				D1ABF30024AD6B9800CDBEA5 /* View Controllers */,
				D1ABF31624AD6D1000CDBEA5 /* Views */,
			);
			path = TherapistRosterApp;
			sourceTree = "<group>";
		};
		D1ABF2FF24AD6B8100CDBEA5 /* Delegates */ = {
			isa = PBXGroup;
			children = (
				D1ABF2EB24AD6B5D00CDBEA5 /* AppDelegate.swift */,
				D1ABF2ED24AD6B5D00CDBEA5 /* SceneDelegate.swift */,
			);
			path = Delegates;
			sourceTree = "<group>";
		};
		D1ABF30024AD6B9800CDBEA5 /* View Controllers */ = {
			isa = PBXGroup;
			children = (
				D1ABF30724AD6C2800CDBEA5 /* GapsViewController.swift */,
				D1ABF30924AD6C2D00CDBEA5 /* OnDutyViewController.swift */,
				D1ABF30B24AD6C3300CDBEA5 /* StartingSoonViewController.swift */,
			);
			path = "View Controllers";
			sourceTree = "<group>";
		};
		D1ABF30124AD6BA700CDBEA5 /* Storyboards */ = {
			isa = PBXGroup;
			children = (
				D1ABF30324AD6BD100CDBEA5 /* Main.storyboard */,
				D1ABF2F624AD6B6100CDBEA5 /* LaunchScreen.storyboard */,
			);
			path = Storyboards;
			sourceTree = "<group>";
		};
		D1ABF30224AD6BB500CDBEA5 /* Resources */ = {
			isa = PBXGroup;
			children = (
				D1ABF30524AD6BEF00CDBEA5 /* therapistsData.json */,
				D1ABF2F424AD6B6100CDBEA5 /* Assets.xcassets */,
				D1ABF2F924AD6B6100CDBEA5 /* Info.plist */,
			);
			path = Resources;
			sourceTree = "<group>";
		};
		D1ABF30D24AD6CA500CDBEA5 /* Models */ = {
			isa = PBXGroup;
			children = (
				D1ABF31024AD6CC500CDBEA5 /* Therapist.swift */,
				D1ABF31224AD6CCA00CDBEA5 /* ShiftInfo.swift */,
				D1ABF31424AD6CCF00CDBEA5 /* EmptyTimeSlot.swift */,
			);
			path = Models;
			sourceTree = "<group>";
		};
		D1ABF31624AD6D1000CDBEA5 /* Views */ = {
			isa = PBXGroup;
			children = (
				D1ABF31724AD6D1800CDBEA5 /* GapInfoCell.swift */,
				D1ABF31924AD6D1E00CDBEA5 /* OnDutyInfoCell.swift */,
				D1ABF31B24AD6D2300CDBEA5 /* StartingSoonInfoCell.swift */,
			);
			path = Views;
			sourceTree = "<group>";
		};
		D1ABF31D24AD7BAB00CDBEA5 /* Managers */ = {
			isa = PBXGroup;
			children = (
				D1ABF30E24AD6CB900CDBEA5 /* TherapistsDataManager.swift */,
			);
			path = Managers;
			sourceTree = "<group>";
		};
/* End PBXGroup section */

/* Begin PBXNativeTarget section */
		D1ABF2E724AD6B5D00CDBEA5 /* TherapistRosterApp */ = {
			isa = PBXNativeTarget;
			buildConfigurationList = D1ABF2FC24AD6B6100CDBEA5 /* Build configuration list for PBXNativeTarget "TherapistRosterApp" */;
			buildPhases = (
				D1ABF2E424AD6B5D00CDBEA5 /* Sources */,
				D1ABF2E524AD6B5D00CDBEA5 /* Frameworks */,
				D1ABF2E624AD6B5D00CDBEA5 /* Resources */,
			);
			buildRules = (
			);
			dependencies = (
			);
			name = TherapistRosterApp;
			productName = TherapistRosterApp;
			productReference = D1ABF2E824AD6B5D00CDBEA5 /* TherapistRosterApp.app */;
			productType = "com.apple.product-type.application";
		};
/* End PBXNativeTarget section */

/* Begin PBXProject section */
		D1ABF2E024AD6B5D00CDBEA5 /* Project object */ = {
			isa = PBXProject;
			attributes = {
				LastSwiftUpdateCheck = 1150;
				LastUpgradeCheck = 1150;
				ORGANIZATIONNAME = "Jay Son";
				TargetAttributes = {
					D1ABF2E724AD6B5D00CDBEA5 = {
						CreatedOnToolsVersion = 11.5;
					};
				};
			};
			buildConfigurationList = D1ABF2E324AD6B5D00CDBEA5 /* Build configuration list for PBXProject "TherapistRosterApp" */;
			compatibilityVersion = "Xcode 9.3";
			developmentRegion = en;
			hasScannedForEncodings = 0;
			knownRegions = (
				en,
				Base,
			);
			mainGroup = D1ABF2DF24AD6B5D00CDBEA5;
			productRefGroup = D1ABF2E924AD6B5D00CDBEA5 /* Products */;
			projectDirPath = "";
			projectRoot = "";
			targets = (
				D1ABF2E724AD6B5D00CDBEA5 /* TherapistRosterApp */,
			);
		};
/* End PBXProject section */

/* Begin PBXResourcesBuildPhase section */
		D1ABF2E624AD6B5D00CDBEA5 /* Resources */ = {
			isa = PBXResourcesBuildPhase;
			buildActionMask = 2147483647;
			files = (
				D1ABF30424AD6BD100CDBEA5 /* Main.storyboard in Resources */,
				D1ABF30624AD6BEF00CDBEA5 /* therapistsData.json in Resources */,
				D1ABF2F824AD6B6100CDBEA5 /* LaunchScreen.storyboard in Resources */,
				D1ABF2F524AD6B6100CDBEA5 /* Assets.xcassets in Resources */,
			);
			runOnlyForDeploymentPostprocessing = 0;
		};
/* End PBXResourcesBuildPhase section */

/* Begin PBXSourcesBuildPhase section */
		D1ABF2E424AD6B5D00CDBEA5 /* Sources */ = {
			isa = PBXSourcesBuildPhase;
			buildActionMask = 2147483647;
			files = (
				D1ABF31C24AD6D2300CDBEA5 /* StartingSoonInfoCell.swift in Sources */,
				D1ABF31824AD6D1800CDBEA5 /* GapInfoCell.swift in Sources */,
				D1ABF31A24AD6D1E00CDBEA5 /* OnDutyInfoCell.swift in Sources */,
				D1ABF30C24AD6C3300CDBEA5 /* StartingSoonViewController.swift in Sources */,
				D1ABF30824AD6C2800CDBEA5 /* GapsViewController.swift in Sources */,
				D1ABF30F24AD6CB900CDBEA5 /* TherapistsDataManager.swift in Sources */,
				D1ABF2EC24AD6B5D00CDBEA5 /* AppDelegate.swift in Sources */,
				D1ABF31324AD6CCA00CDBEA5 /* ShiftInfo.swift in Sources */,
				D1ABF2EE24AD6B5D00CDBEA5 /* SceneDelegate.swift in Sources */,
				D1ABF31524AD6CCF00CDBEA5 /* EmptyTimeSlot.swift in Sources */,
				D1ABF30A24AD6C2D00CDBEA5 /* OnDutyViewController.swift in Sources */,
				D1ABF31124AD6CC500CDBEA5 /* Therapist.swift in Sources */,
			);
			runOnlyForDeploymentPostprocessing = 0;
		};
/* End PBXSourcesBuildPhase section */

/* Begin PBXVariantGroup section */
		D1ABF2F624AD6B6100CDBEA5 /* LaunchScreen.storyboard */ = {
			isa = PBXVariantGroup;
			children = (
				D1ABF2F724AD6B6100CDBEA5 /* Base */,
			);
			name = LaunchScreen.storyboard;
			sourceTree = "<group>";
		};
/* End PBXVariantGroup section */

/* Begin XCBuildConfiguration section */
		D1ABF2FA24AD6B6100CDBEA5 /* Debug */ = {
			isa = XCBuildConfiguration;
			buildSettings = {
				ALWAYS_SEARCH_USER_PATHS = NO;
				CLANG_ANALYZER_NONNULL = YES;
				CLANG_ANALYZER_NUMBER_OBJECT_CONVERSION = YES_AGGRESSIVE;
				CLANG_CXX_LANGUAGE_STANDARD = "gnu++14";
				CLANG_CXX_LIBRARY = "libc++";
				CLANG_ENABLE_MODULES = YES;
				CLANG_ENABLE_OBJC_ARC = YES;
				CLANG_ENABLE_OBJC_WEAK = YES;
				CLANG_WARN_BLOCK_CAPTURE_AUTORELEASING = YES;
				CLANG_WARN_BOOL_CONVERSION = YES;
				CLANG_WARN_COMMA = YES;
				CLANG_WARN_CONSTANT_CONVERSION = YES;
				CLANG_WARN_DEPRECATED_OBJC_IMPLEMENTATIONS = YES;
				CLANG_WARN_DIRECT_OBJC_ISA_USAGE = YES_ERROR;
				CLANG_WARN_DOCUMENTATION_COMMENTS = YES;
				CLANG_WARN_EMPTY_BODY = YES;
				CLANG_WARN_ENUM_CONVERSION = YES;
				CLANG_WARN_INFINITE_RECURSION = YES;
				CLANG_WARN_INT_CONVERSION = YES;
				CLANG_WARN_NON_LITERAL_NULL_CONVERSION = YES;
				CLANG_WARN_OBJC_IMPLICIT_RETAIN_SELF = YES;
				CLANG_WARN_OBJC_LITERAL_CONVERSION = YES;
				CLANG_WARN_OBJC_ROOT_CLASS = YES_ERROR;
				CLANG_WARN_RANGE_LOOP_ANALYSIS = YES;
				CLANG_WARN_STRICT_PROTOTYPES = YES;
				CLANG_WARN_SUSPICIOUS_MOVE = YES;
				CLANG_WARN_UNGUARDED_AVAILABILITY = YES_AGGRESSIVE;
				CLANG_WARN_UNREACHABLE_CODE = YES;
				CLANG_WARN__DUPLICATE_METHOD_MATCH = YES;
				COPY_PHASE_STRIP = NO;
				DEBUG_INFORMATION_FORMAT = dwarf;
				ENABLE_STRICT_OBJC_MSGSEND = YES;
				ENABLE_TESTABILITY = YES;
				GCC_C_LANGUAGE_STANDARD = gnu11;
				GCC_DYNAMIC_NO_PIC = NO;
				GCC_NO_COMMON_BLOCKS = YES;
				GCC_OPTIMIZATION_LEVEL = 0;
				GCC_PREPROCESSOR_DEFINITIONS = (
					"DEBUG=1",
					"$(inherited)",
				);
				GCC_WARN_64_TO_32_BIT_CONVERSION = YES;
				GCC_WARN_ABOUT_RETURN_TYPE = YES_ERROR;
				GCC_WARN_UNDECLARED_SELECTOR = YES;
				GCC_WARN_UNINITIALIZED_AUTOS = YES_AGGRESSIVE;
				GCC_WARN_UNUSED_FUNCTION = YES;
				GCC_WARN_UNUSED_VARIABLE = YES;
				IPHONEOS_DEPLOYMENT_TARGET = 13.5;
				MTL_ENABLE_DEBUG_INFO = INCLUDE_SOURCE;
				MTL_FAST_MATH = YES;
				ONLY_ACTIVE_ARCH = YES;
				SDKROOT = iphoneos;
				SWIFT_ACTIVE_COMPILATION_CONDITIONS = DEBUG;
				SWIFT_OPTIMIZATION_LEVEL = "-Onone";
			};
			name = Debug;
		};
		D1ABF2FB24AD6B6100CDBEA5 /* Release */ = {
			isa = XCBuildConfiguration;
			buildSettings = {
				ALWAYS_SEARCH_USER_PATHS = NO;
				CLANG_ANALYZER_NONNULL = YES;
				CLANG_ANALYZER_NUMBER_OBJECT_CONVERSION = YES_AGGRESSIVE;
				CLANG_CXX_LANGUAGE_STANDARD = "gnu++14";
				CLANG_CXX_LIBRARY = "libc++";
				CLANG_ENABLE_MODULES = YES;
				CLANG_ENABLE_OBJC_ARC = YES;
				CLANG_ENABLE_OBJC_WEAK = YES;
				CLANG_WARN_BLOCK_CAPTURE_AUTORELEASING = YES;
				CLANG_WARN_BOOL_CONVERSION = YES;
				CLANG_WARN_COMMA = YES;
				CLANG_WARN_CONSTANT_CONVERSION = YES;
				CLANG_WARN_DEPRECATED_OBJC_IMPLEMENTATIONS = YES;
				CLANG_WARN_DIRECT_OBJC_ISA_USAGE = YES_ERROR;
				CLANG_WARN_DOCUMENTATION_COMMENTS = YES;
				CLANG_WARN_EMPTY_BODY = YES;
				CLANG_WARN_ENUM_CONVERSION = YES;
				CLANG_WARN_INFINITE_RECURSION = YES;
				CLANG_WARN_INT_CONVERSION = YES;
				CLANG_WARN_NON_LITERAL_NULL_CONVERSION = YES;
				CLANG_WARN_OBJC_IMPLICIT_RETAIN_SELF = YES;
				CLANG_WARN_OBJC_LITERAL_CONVERSION = YES;
				CLANG_WARN_OBJC_ROOT_CLASS = YES_ERROR;
				CLANG_WARN_RANGE_LOOP_ANALYSIS = YES;
				CLANG_WARN_STRICT_PROTOTYPES = YES;
				CLANG_WARN_SUSPICIOUS_MOVE = YES;
				CLANG_WARN_UNGUARDED_AVAILABILITY = YES_AGGRESSIVE;
				CLANG_WARN_UNREACHABLE_CODE = YES;
				CLANG_WARN__DUPLICATE_METHOD_MATCH = YES;
				COPY_PHASE_STRIP = NO;
				DEBUG_INFORMATION_FORMAT = "dwarf-with-dsym";
				ENABLE_NS_ASSERTIONS = NO;
				ENABLE_STRICT_OBJC_MSGSEND = YES;
				GCC_C_LANGUAGE_STANDARD = gnu11;
				GCC_NO_COMMON_BLOCKS = YES;
				GCC_WARN_64_TO_32_BIT_CONVERSION = YES;
				GCC_WARN_ABOUT_RETURN_TYPE = YES_ERROR;
				GCC_WARN_UNDECLARED_SELECTOR = YES;
				GCC_WARN_UNINITIALIZED_AUTOS = YES_AGGRESSIVE;
				GCC_WARN_UNUSED_FUNCTION = YES;
				GCC_WARN_UNUSED_VARIABLE = YES;
				IPHONEOS_DEPLOYMENT_TARGET = 13.5;
				MTL_ENABLE_DEBUG_INFO = NO;
				MTL_FAST_MATH = YES;
				SDKROOT = iphoneos;
				SWIFT_COMPILATION_MODE = wholemodule;
				SWIFT_OPTIMIZATION_LEVEL = "-O";
				VALIDATE_PRODUCT = YES;
			};
			name = Release;
		};
		D1ABF2FD24AD6B6100CDBEA5 /* Debug */ = {
			isa = XCBuildConfiguration;
			buildSettings = {
				ASSETCATALOG_COMPILER_APPICON_NAME = AppIcon;
				CODE_SIGN_STYLE = Automatic;
				CURRENT_PROJECT_VERSION = 1;
				INFOPLIST_FILE = TherapistRosterApp/Resources/Info.plist;
				LD_RUNPATH_SEARCH_PATHS = (
					"$(inherited)",
					"@executable_path/Frameworks",
				);
				MARKETING_VERSION = 1.0.0;
				PRODUCT_BUNDLE_IDENTIFIER = com.jayjson.TherapistRosterApp;
				PRODUCT_NAME = "$(TARGET_NAME)";
				SWIFT_VERSION = 5.0;
				TARGETED_DEVICE_FAMILY = 1;
			};
			name = Debug;
		};
		D1ABF2FE24AD6B6100CDBEA5 /* Release */ = {
			isa = XCBuildConfiguration;
			buildSettings = {
				ASSETCATALOG_COMPILER_APPICON_NAME = AppIcon;
				CODE_SIGN_STYLE = Automatic;
				CURRENT_PROJECT_VERSION = 1;
				INFOPLIST_FILE = TherapistRosterApp/Resources/Info.plist;
				LD_RUNPATH_SEARCH_PATHS = (
					"$(inherited)",
					"@executable_path/Frameworks",
				);
				MARKETING_VERSION = 1.0.0;
				PRODUCT_BUNDLE_IDENTIFIER = com.jayjson.TherapistRosterApp;
				PRODUCT_NAME = "$(TARGET_NAME)";
				SWIFT_VERSION = 5.0;
				TARGETED_DEVICE_FAMILY = 1;
			};
			name = Release;
		};
/* End XCBuildConfiguration section */

/* Begin XCConfigurationList section */
		D1ABF2E324AD6B5D00CDBEA5 /* Build configuration list for PBXProject "TherapistRosterApp" */ = {
			isa = XCConfigurationList;
			buildConfigurations = (
				D1ABF2FA24AD6B6100CDBEA5 /* Debug */,
				D1ABF2FB24AD6B6100CDBEA5 /* Release */,
			);
			defaultConfigurationIsVisible = 0;
			defaultConfigurationName = Release;
		};
		D1ABF2FC24AD6B6100CDBEA5 /* Build configuration list for PBXNativeTarget "TherapistRosterApp" */ = {
			isa = XCConfigurationList;
			buildConfigurations = (
				D1ABF2FD24AD6B6100CDBEA5 /* Debug */,
				D1ABF2FE24AD6B6100CDBEA5 /* Release */,
			);
			defaultConfigurationIsVisible = 0;
			defaultConfigurationName = Release;
		};
/* End XCConfigurationList section */
	};
	rootObject = D1ABF2E024AD6B5D00CDBEA5 /* Project object */;
}
